# This file is automatically @generated by Cargo.
# It is not intended for manual editing.
version = 3

[[package]]
name = "aasq"
version = "0.1.0"
dependencies = [
 "aidoku",
 "madara_template",
]

[[package]]
name = "aidoku"
version = "0.2.0"
source = "git+https://github.com/Aidoku/aidoku-rs/#004bddabade7b24c58cf925b08f90dd093b00c9d"
dependencies = [
 "aidoku_imports",
 "aidoku_macros",
 "aidoku_proc_macros",
 "dlmalloc",
]

[[package]]
name = "aidoku_imports"
version = "0.2.0"
source = "git+https://github.com/Aidoku/aidoku-rs/#004bddabade7b24c58cf925b08f90dd093b00c9d"

[[package]]
name = "aidoku_macros"
version = "0.1.0"
source = "git+https://github.com/Aidoku/aidoku-rs/#004bddabade7b24c58cf925b08f90dd093b00c9d"

[[package]]
name = "aidoku_proc_macros"
version = "0.2.0"
source = "git+https://github.com/Aidoku/aidoku-rs/#004bddabade7b24c58cf925b08f90dd093b00c9d"
dependencies = [
 "proc-macro2",
 "quote",
 "syn",
]

[[package]]
name = "astrascans"
version = "0.1.0"
dependencies = [
 "aidoku",
 "madara_template",
]

[[package]]
name = "azoramanga"
version = "0.1.0"
dependencies = [
 "aidoku",
 "madara_template",
]

[[package]]
name = "coloredmanga"
version = "0.1.0"
dependencies = [
 "aidoku",
 "madara_template",
]

[[package]]
name = "disasterscans"
version = "0.1.0"
dependencies = [
 "aidoku",
 "madara_template",
]

[[package]]
name = "dlmalloc"
version = "0.2.4"
source = "registry+https://github.com/rust-lang/crates.io-index"
checksum = "203540e710bfadb90e5e29930baf5d10270cec1f43ab34f46f78b147b2de715a"
dependencies = [
 "libc",
]

[[package]]
name = "fecomic"
version = "0.1.0"
dependencies = [
 "aidoku",
 "madara_template",
]

[[package]]
name = "firstkissmanga"
version = "0.1.0"
dependencies = [
 "aidoku",
 "madara_template",
]

[[package]]
name = "hentaicb"
version = "0.1.0"
dependencies = [
 "aidoku",
 "madara_template",
]

[[package]]
name = "hiperdex"
version = "0.1.0"
dependencies = [
 "aidoku",
 "madara_template",
]

[[package]]
name = "hscans"
version = "0.1.0"
dependencies = [
 "aidoku",
 "madara_template",
]

[[package]]
name = "lhtranslation"
version = "0.1.0"
dependencies = [
 "aidoku",
 "madara_template",
]

[[package]]
name = "libc"
version = "0.2.147"
source = "registry+https://github.com/rust-lang/crates.io-index"
checksum = "b4668fb0ea861c1df094127ac5f1da3409a82116a4ba74fca2e58ef927159bb3"

[[package]]
name = "lilymanga"
version = "0.1.0"
dependencies = [
 "aidoku",
 "madara_template",
]

[[package]]
name = "lscomic"
version = "0.1.0"
dependencies = [
 "aidoku",
 "madara_template",
]

[[package]]
name = "madara_template"
version = "0.1.0"
dependencies = [
 "aidoku",
]

[[package]]
name = "mangabob"
version = "0.1.0"
dependencies = [
 "aidoku",
 "madara_template",
]

[[package]]
name = "mangaread"
version = "0.1.0"
dependencies = [
 "aidoku",
 "madara_template",
]

[[package]]
name = "mangascantrad"
version = "0.1.0"
dependencies = [
 "aidoku",
 "madara_template",
]

[[package]]
name = "mangasorigines"
version = "0.1.0"
dependencies = [
 "aidoku",
 "madara_template",
]

[[package]]
name = "mangatx"
version = "0.1.0"
dependencies = [
 "aidoku",
 "madara_template",
]

[[package]]
name = "manhuafast"
version = "0.1.0"
dependencies = [
 "aidoku",
 "madara_template",
]

[[package]]
name = "manhuaplus"
version = "0.1.0"
dependencies = [
 "aidoku",
 "madara_template",
]

[[package]]
name = "manhuaus"
version = "0.1.0"
dependencies = [
 "aidoku",
 "madara_template",
]

[[package]]
name = "manhwatop"
version = "0.1.0"
dependencies = [
 "aidoku",
 "madara_template",
]

[[package]]
name = "mmscans"
version = "0.1.0"
dependencies = [
 "aidoku",
 "madara_template",
]

[[package]]
name = "neoxscans"
version = "0.1.0"
dependencies = [
 "aidoku",
 "madara_template",
]

[[package]]
name = "nightcomic"
version = "0.1.0"
dependencies = [
 "aidoku",
 "madara_template",
]

[[package]]
name = "novelmic"
version = "0.1.0"
dependencies = [
 "aidoku",
 "madara_template",
]

[[package]]
name = "proc-macro2"
version = "1.0.64"
source = "registry+https://github.com/rust-lang/crates.io-index"
checksum = "78803b62cbf1f46fde80d7c0e803111524b9877184cfe7c3033659490ac7a7da"
dependencies = [
 "unicode-ident",
]

[[package]]
name = "quote"
version = "1.0.29"
source = "registry+https://github.com/rust-lang/crates.io-index"
checksum = "573015e8ab27661678357f27dc26460738fd2b6c86e46f386fde94cb5d913105"
dependencies = [
 "proc-macro2",
]

[[package]]
name = "reaperscansar"
version = "0.1.0"
dependencies = [
 "aidoku",
 "madara_template",
]

[[package]]
name = "reaperscansfr"
version = "0.1.0"
dependencies = [
 "aidoku",
 "madara_template",
]

[[package]]
name = "resetscans"
version = "0.1.0"
dependencies = [
 "aidoku",
 "madara_template",
]

[[package]]
name = "setsuscans"
version = "0.1.0"
dependencies = [
 "aidoku",
 "madara_template",
]

[[package]]
name = "shinigami"
version = "0.1.0"
dependencies = [
 "aidoku",
 "madara_template",
]

[[package]]
name = "syn"
version = "1.0.109"
source = "registry+https://github.com/rust-lang/crates.io-index"
checksum = "72b64191b275b66ffe2469e8af2c1cfe3bafa67b529ead792a6d0160888b4237"
dependencies = [
 "proc-macro2",
 "quote",
 "unicode-ident",
]

[[package]]
name = "toonily"
version = "0.1.0"
dependencies = [
 "aidoku",
 "madara_template",
]

[[package]]
name = "towerofelectrica"
version = "0.1.0"
dependencies = [
 "aidoku",
 "madara_template",
]

[[package]]
name = "unicode-ident"
version = "1.0.11"
source = "registry+https://github.com/rust-lang/crates.io-index"
checksum = "301abaae475aa91687eb82514b328ab47a211a533026cb25fc3e519b86adfc3c"

[[package]]
name = "yocomic"
version = "0.1.0"
dependencies = [
 "aidoku",
 "madara_template",
]
