{
  "name": "hentaivn-aidoku",
  "version": "1.1.0",
  "lockfileVersion": 2,
  "requires": true,
  "packages": {
    "": {
      "name": "hentaivn-aidoku",
      "version": "1.1.0",
      "license": "0BSD",
      "dependencies": {
        "aidoku-as": "github:Aidoku/aidoku-as"
      },
      "devDependencies": {
        "aidoku-serve": "^1.1.2",
        "assemblyscript": "^0.20.6",
        "rimraf": "^3.0.2",
        "shx": "^0.3.4",
        "wireit": "^0.3.1"
      }
    },
    "node_modules/aidoku-as": {
      "version": "1.0.0",
      "resolved": "git+ssh://git@github.com/Aidoku/aidoku-as.git#2bd65a5b34d6b3db2b0bb03fcb4c7fb7a56c0562",
      "license": "GPLv3"
    },
    "node_modules/aidoku-serve": {
      "version": "1.1.2",
      "dev": true,
      "license": "ISC",
      "dependencies": {
        "express": "^4.18.1"
      },
      "bin": {
        "aidoku-serve": "bin/index.js"
      }
    },
    "node_modules/assemblyscript": {
      "version": "0.20.6",
      "dev": true,
      "license": "Apache-2.0",
      "dependencies": {
        "binaryen": "106.0.0-nightly.20220320",
        "long": "^5.2.0"
      },
      "bin": {
        "asc": "bin/asc.js",
        "asinit": "bin/asinit.js"
      },
      "funding": {
        "type": "opencollective",
        "url": "https://opencollective.com/assemblyscript"
      }
    },
    "node_modules/rimraf": {
      "version": "3.0.2",
      "dev": true,
      "license": "ISC",
      "dependencies": {
        "glob": "^7.1.3"
      },
      "bin": {
        "rimraf": "bin.js"
      },
      "funding": {
        "url": "https://github.com/sponsors/isaacs"
      }
    },
    "node_modules/shx": {
      "version": "0.3.4",
      "dev": true,
      "license": "MIT",
      "dependencies": {
        "minimist": "^1.2.3",
        "shelljs": "^0.8.5"
      },
      "bin": {
        "shx": "lib/cli.js"
      },
      "engines": {
        "node": ">=6"
      }
    },
    "node_modules/wireit": {
      "version": "0.3.1",
      "dev": true,
      "license": "Apache-2.0",
      "workspaces": [
        "vscode-extension"
      ],
      "dependencies": {
        "@actions/cache": "=2.0.2",
        "chokidar": "^3.5.3",
        "fast-glob": "^3.2.11"
      },
      "bin": {
        "wireit": "bin/wireit.js"
      },
      "engines": {
        "node": ">=14.14.0"
      }
    }
  },
  "dependencies": {
    "aidoku-as": {
      "version": "git+ssh://git@github.com/Aidoku/aidoku-as.git#2bd65a5b34d6b3db2b0bb03fcb4c7fb7a56c0562",
      "from": "aidoku-as@github:Aidoku/aidoku-as"
    },
    "aidoku-serve": {
      "version": "1.1.2",
      "dev": true,
      "requires": {
        "express": "^4.18.1"
      }
    },
    "assemblyscript": {
      "version": "0.20.6",
      "dev": true,
      "requires": {
        "binaryen": "106.0.0-nightly.20220320",
        "long": "^5.2.0"
      }
    },
    "rimraf": {
      "version": "3.0.2",
      "dev": true,
      "requires": {
        "glob": "^7.1.3"
      }
    },
    "shx": {
      "version": "0.3.4",
      "dev": true,
      "requires": {
        "minimist": "^1.2.3",
        "shelljs": "^0.8.5"
      }
    },
    "wireit": {
      "version": "0.3.1",
      "dev": true,
      "requires": {
        "@actions/cache": "=2.0.2",
        "chokidar": "^3.5.3",
        "fast-glob": "^3.2.11"
      }
    }
  }
}
