# This file is automatically @generated by Cargo.
# It is not intended for manual editing.
version = 3

[[package]]
name = "aidoku"
version = "0.2.0"
source = "git+https://github.com/Aidoku/aidoku-rs/#004bddabade7b24c58cf925b08f90dd093b00c9d"
dependencies = [
 "aidoku_helpers",
 "aidoku_imports",
 "aidoku_macros",
 "aidoku_proc_macros",
 "dlmalloc",
]

[[package]]
name = "aidoku_helpers"
version = "0.1.0"
source = "git+https://github.com/Aidoku/aidoku-rs/#004bddabade7b24c58cf925b08f90dd093b00c9d"
dependencies = [
 "aidoku_imports",
]

[[package]]
name = "aidoku_imports"
version = "0.2.0"
source = "git+https://github.com/Aidoku/aidoku-rs/#004bddabade7b24c58cf925b08f90dd093b00c9d"

[[package]]
name = "aidoku_macros"
version = "0.1.0"
source = "git+https://github.com/Aidoku/aidoku-rs/#004bddabade7b24c58cf925b08f90dd093b00c9d"

[[package]]
name = "aidoku_proc_macros"
version = "0.2.0"
source = "git+https://github.com/Aidoku/aidoku-rs/#004bddabade7b24c58cf925b08f90dd093b00c9d"
dependencies = [
 "proc-macro2",
 "quote",
 "syn",
]

[[package]]
name = "dlmalloc"
version = "0.2.4"
source = "registry+https://github.com/rust-lang/crates.io-index"
checksum = "203540e710bfadb90e5e29930baf5d10270cec1f43ab34f46f78b147b2de715a"
dependencies = [
 "libc",
]

[[package]]
name = "libc"
version = "0.2.147"
source = "registry+https://github.com/rust-lang/crates.io-index"
checksum = "b4668fb0ea861c1df094127ac5f1da3409a82116a4ba74fca2e58ef927159bb3"

[[package]]
name = "mangaworld"
version = "0.1.0"
dependencies = [
 "aidoku",
 "mangaworld_template",
]

[[package]]
name = "mangaworld_template"
version = "0.1.0"
dependencies = [
 "aidoku",
]

[[package]]
name = "mangaworldadult"
version = "0.1.0"
dependencies = [
 "aidoku",
 "mangaworld_template",
]

[[package]]
name = "proc-macro2"
version = "1.0.64"
source = "registry+https://github.com/rust-lang/crates.io-index"
checksum = "78803b62cbf1f46fde80d7c0e803111524b9877184cfe7c3033659490ac7a7da"
dependencies = [
 "unicode-ident",
]

[[package]]
name = "quote"
version = "1.0.29"
source = "registry+https://github.com/rust-lang/crates.io-index"
checksum = "573015e8ab27661678357f27dc26460738fd2b6c86e46f386fde94cb5d913105"
dependencies = [
 "proc-macro2",
]

[[package]]
name = "syn"
version = "1.0.109"
source = "registry+https://github.com/rust-lang/crates.io-index"
checksum = "72b64191b275b66ffe2469e8af2c1cfe3bafa67b529ead792a6d0160888b4237"
dependencies = [
 "proc-macro2",
 "quote",
 "unicode-ident",
]

[[package]]
name = "unicode-ident"
version = "1.0.10"
source = "registry+https://github.com/rust-lang/crates.io-index"
checksum = "22049a19f4a68748a168c0fc439f9516686aa045927ff767eca0a85101fb6e73"
