# This file is automatically @generated by Cargo.
# It is not intended for manual editing.
version = 3

[[package]]
name = "aidoku"
version = "0.2.0"
source = "git+https://github.com/Aidoku/aidoku-rs/#5a68a5507a78716c2eb327eb2c12cdb1700a4bf3"
dependencies = [
 "aidoku_helpers",
 "aidoku_imports",
 "aidoku_macros",
 "aidoku_proc_macros",
 "wee_alloc",
]

[[package]]
name = "aidoku_helpers"
version = "0.1.0"
source = "git+https://github.com/Aidoku/aidoku-rs/#5a68a5507a78716c2eb327eb2c12cdb1700a4bf3"
dependencies = [
 "aidoku_imports",
]

[[package]]
name = "aidoku_imports"
version = "0.2.0"
source = "git+https://github.com/Aidoku/aidoku-rs/#5a68a5507a78716c2eb327eb2c12cdb1700a4bf3"

[[package]]
name = "aidoku_macros"
version = "0.1.0"
source = "git+https://github.com/Aidoku/aidoku-rs/#5a68a5507a78716c2eb327eb2c12cdb1700a4bf3"

[[package]]
name = "aidoku_proc_macros"
version = "0.2.0"
source = "git+https://github.com/Aidoku/aidoku-rs/#5a68a5507a78716c2eb327eb2c12cdb1700a4bf3"
dependencies = [
 "proc-macro2",
 "quote",
 "syn",
]

[[package]]
name = "animaregia"
version = "0.1.0"
dependencies = [
 "aidoku",
 "lazy_static",
 "mmrcms_template",
]

[[package]]
name = "cfg-if"
version = "0.1.10"
source = "registry+https://github.com/rust-lang/crates.io-index"
checksum = "4785bdd1c96b2a846b2bd7cc02e86b6b3dbf14e7e53446c4f54c92a361040822"

[[package]]
name = "fallenangels"
version = "0.1.0"
dependencies = [
 "aidoku",
 "lazy_static",
 "mmrcms_template",
]

[[package]]
name = "gekkouhentai"
version = "0.1.0"
dependencies = [
 "aidoku",
 "itoa",
 "lazy_static",
 "mmrcms_template",
]

[[package]]
name = "itoa"
version = "1.0.3"
source = "registry+https://github.com/rust-lang/crates.io-index"
checksum = "6c8af84674fe1f223a982c933a0ee1086ac4d4052aa0fb8060c12c6ad838e754"

[[package]]
name = "komikid"
version = "0.1.0"
dependencies = [
 "aidoku",
 "itoa",
 "lazy_static",
 "mmrcms_template",
]

[[package]]
name = "lazy_static"
version = "1.4.0"
source = "registry+https://github.com/rust-lang/crates.io-index"
checksum = "e2abad23fbc42b3700f2f279844dc832adb2b2eb069b2df918f455c4e18cc646"
dependencies = [
 "spin",
]

[[package]]
name = "libc"
version = "0.2.127"
source = "registry+https://github.com/rust-lang/crates.io-index"
checksum = "505e71a4706fa491e9b1b55f51b95d4037d0821ee40131190475f692b35b009b"

[[package]]
name = "mangadoor"
version = "0.1.0"
dependencies = [
 "aidoku",
 "itoa",
 "lazy_static",
 "mmrcms_template",
]

[[package]]
name = "mangahanta"
version = "0.1.0"
dependencies = [
 "aidoku",
 "lazy_static",
 "mmrcms_template",
]

[[package]]
name = "mangaid"
version = "0.1.0"
dependencies = [
 "aidoku",
 "itoa",
 "lazy_static",
 "mmrcms_template",
]

[[package]]
name = "mangazuki"
version = "0.1.0"
dependencies = [
 "aidoku",
 "lazy_static",
 "mmrcms_template",
]

[[package]]
name = "mangazukiraws"
version = "0.1.0"
dependencies = [
 "aidoku",
 "lazy_static",
 "mmrcms_template",
]

[[package]]
name = "manhwasmen"
version = "0.1.0"
dependencies = [
 "aidoku",
 "lazy_static",
 "mmrcms_template",
]

[[package]]
name = "memory_units"
version = "0.4.0"
source = "registry+https://github.com/rust-lang/crates.io-index"
checksum = "8452105ba047068f40ff7093dd1d9da90898e63dd61736462e9cdda6a90ad3c3"

[[package]]
name = "mmrcms_template"
version = "0.1.0"
dependencies = [
 "aidoku",
 "itoa",
]

[[package]]
name = "onma"
version = "0.1.0"
dependencies = [
 "aidoku",
 "lazy_static",
 "mmrcms_template",
]

[[package]]
name = "phoenixscans"
version = "0.1.0"
dependencies = [
 "aidoku",
 "itoa",
 "lazy_static",
 "mmrcms_template",
]

[[package]]
name = "proc-macro2"
version = "1.0.43"
source = "registry+https://github.com/rust-lang/crates.io-index"
checksum = "0a2ca2c61bc9f3d74d2886294ab7b9853abd9c1ad903a3ac7815c58989bb7bab"
dependencies = [
 "unicode-ident",
]

[[package]]
name = "quote"
version = "1.0.21"
source = "registry+https://github.com/rust-lang/crates.io-index"
checksum = "bbe448f377a7d6961e30f5955f9b8d106c3f5e449d493ee1b125c1d43c2b5179"
dependencies = [
 "proc-macro2",
]

[[package]]
name = "readcomicsonline"
version = "0.1.0"
dependencies = [
 "aidoku",
 "lazy_static",
 "mmrcms_template",
]

[[package]]
name = "spin"
version = "0.5.2"
source = "registry+https://github.com/rust-lang/crates.io-index"
checksum = "6e63cff320ae2c57904679ba7cb63280a3dc4613885beafb148ee7bf9aa9042d"

[[package]]
name = "syn"
version = "1.0.99"
source = "registry+https://github.com/rust-lang/crates.io-index"
checksum = "58dbef6ec655055e20b86b15a8cc6d439cca19b667537ac6a1369572d151ab13"
dependencies = [
 "proc-macro2",
 "quote",
 "unicode-ident",
]

[[package]]
name = "unicode-ident"
version = "1.0.3"
source = "registry+https://github.com/rust-lang/crates.io-index"
checksum = "c4f5b37a154999a8f3f98cc23a628d850e154479cd94decf3414696e12e31aaf"

[[package]]
name = "utsukushii"
version = "0.1.0"
dependencies = [
 "aidoku",
 "itoa",
 "lazy_static",
 "mmrcms_template",
]

[[package]]
name = "wee_alloc"
version = "0.4.5"
source = "registry+https://github.com/rust-lang/crates.io-index"
checksum = "dbb3b5a6b2bb17cb6ad44a2e68a43e8d2722c997da10e928665c72ec6c0a0b8e"
dependencies = [
 "cfg-if",
 "libc",
 "memory_units",
 "winapi",
]

[[package]]
name = "winapi"
version = "0.3.9"
source = "registry+https://github.com/rust-lang/crates.io-index"
checksum = "5c839a674fcd7a98952e593242ea400abe93992746761e38641405d28b00f419"
dependencies = [
 "winapi-i686-pc-windows-gnu",
 "winapi-x86_64-pc-windows-gnu",
]

[[package]]
name = "winapi-i686-pc-windows-gnu"
version = "0.4.0"
source = "registry+https://github.com/rust-lang/crates.io-index"
checksum = "ac3b87c63620426dd9b991e5ce0329eff545bccbbb34f3be09ff6fb6ab51b7b6"

[[package]]
name = "winapi-x86_64-pc-windows-gnu"
version = "0.4.0"
source = "registry+https://github.com/rust-lang/crates.io-index"
checksum = "712e227841d057c1ee1cd2fb22fa7e5a5461ae8e48fa2ca79ec42cfc1931183f"
