# This file is automatically @generated by Cargo.
# It is not intended for manual editing.
version = 3

[[package]]
name = " manhwafreakmanga"
version = "0.1.0"
dependencies = [
 "aidoku",
 "mangastream_template",
]

[[package]]
name = "acescans"
version = "0.1.0"
dependencies = [
 "aidoku",
 "mangastream_template",
]

[[package]]
name = "ahash"
version = "0.8.3"
source = "registry+https://github.com/rust-lang/crates.io-index"
checksum = "2c99f64d1e06488f620f932677e24bc6e2897582980441ae90a671415bd7ec2f"
dependencies = [
 "cfg-if",
 "once_cell",
 "version_check",
]

[[package]]
name = "aidoku"
version = "0.2.0"
source = "git+https://github.com/Aidoku/aidoku-rs#004bddabade7b24c58cf925b08f90dd093b00c9d"
dependencies = [
 "aidoku_helpers",
 "aidoku_imports",
 "aidoku_macros",
 "aidoku_proc_macros",
 "dlmalloc",
]

[[package]]
name = "aidoku_helpers"
version = "0.1.0"
source = "git+https://github.com/Aidoku/aidoku-rs#004bddabade7b24c58cf925b08f90dd093b00c9d"
dependencies = [
 "aidoku_imports",
]

[[package]]
name = "aidoku_imports"
version = "0.2.0"
source = "git+https://github.com/Aidoku/aidoku-rs#004bddabade7b24c58cf925b08f90dd093b00c9d"

[[package]]
name = "aidoku_macros"
version = "0.1.0"
source = "git+https://github.com/Aidoku/aidoku-rs#004bddabade7b24c58cf925b08f90dd093b00c9d"

[[package]]
name = "aidoku_proc_macros"
version = "0.2.0"
source = "git+https://github.com/Aidoku/aidoku-rs#004bddabade7b24c58cf925b08f90dd093b00c9d"
dependencies = [
 "proc-macro2",
 "quote",
 "syn",
]

[[package]]
name = "alceascan"
version = "0.1.0"
dependencies = [
 "aidoku",
 "mangastream_template",
]

[[package]]
name = "allocator-api2"
version = "0.2.16"
source = "registry+https://github.com/rust-lang/crates.io-index"
checksum = "0942ffc6dcaadf03badf6e6a2d0228460359d5e34b57ccdc720b7382dfbd5ec5"

[[package]]
name = "anigliscans"
version = "0.1.0"
dependencies = [
 "aidoku",
 "mangastream_template",
]

[[package]]
name = "aresmanga"
version = "0.1.0"
dependencies = [
 "aidoku",
 "mangastream_template",
]

[[package]]
name = "asurascans"
version = "0.1.0"
dependencies = [
 "aidoku",
 "mangastream_template",
]

[[package]]
name = "blackarmy"
version = "0.1.0"
dependencies = [
 "aidoku",
 "mangastream_template",
]

[[package]]
name = "cfg-if"
version = "1.0.0"
source = "registry+https://github.com/rust-lang/crates.io-index"
checksum = "baf1de4339761588bc0619e3cbc0120ee582ebb74b53b4efbf79117bd2da40fd"

[[package]]
name = "cosmicscans"
version = "0.1.0"
dependencies = [
 "aidoku",
 "mangastream_template",
]

[[package]]
name = "dlmalloc"
version = "0.2.4"
source = "registry+https://github.com/rust-lang/crates.io-index"
checksum = "203540e710bfadb90e5e29930baf5d10270cec1f43ab34f46f78b147b2de715a"
dependencies = [
 "libc",
]

[[package]]
name = "flamecomics"
version = "0.1.0"
dependencies = [
 "aidoku",
 "mangastream_template",
]

[[package]]
name = "freakscans"
version = "0.1.0"
dependencies = [
 "aidoku",
 "mangastream_template",
]

[[package]]
name = "hashbrown"
version = "0.14.0"
source = "registry+https://github.com/rust-lang/crates.io-index"
checksum = "2c6201b9ff9fd90a5a3bac2e56a830d0caa509576f0e503818ee82c181b3437a"
dependencies = [
 "ahash",
 "allocator-api2",
]

[[package]]
name = "kanzenin"
version = "0.1.0"
dependencies = [
 "aidoku",
 "mangastream_template",
]

[[package]]
name = "kiryuu"
version = "0.1.0"
dependencies = [
 "aidoku",
 "mangastream_template",
]

[[package]]
name = "komikindo"
version = "0.1.0"
dependencies = [
 "aidoku",
 "mangastream_template",
]

[[package]]
name = "komiktap"
version = "0.1.0"
dependencies = [
 "aidoku",
 "mangastream_template",
]

[[package]]
name = "komikucom"
version = "0.1.0"
dependencies = [
 "aidoku",
 "mangastream_template",
]

[[package]]
name = "kumascans"
version = "0.1.0"
dependencies = [
 "aidoku",
 "mangastream_template",
]

[[package]]
name = "libc"
version = "0.2.147"
source = "registry+https://github.com/rust-lang/crates.io-index"
checksum = "b4668fb0ea861c1df094127ac5f1da3409a82116a4ba74fca2e58ef927159bb3"

[[package]]
name = "luminousscans"
version = "0.1.0"
dependencies = [
 "aidoku",
 "mangastream_template",
]

[[package]]
name = "mangagenki"
version = "0.1.0"
dependencies = [
 "aidoku",
 "mangastream_template",
]

[[package]]
name = "mangasol"
version = "0.1.0"
dependencies = [
 "aidoku",
 "mangastream_template",
]

[[package]]
name = "mangastream_template"
version = "0.1.0"
dependencies = [
 "aidoku",
 "hashbrown",
]

[[package]]
name = "mangasusu"
version = "0.1.0"
dependencies = [
 "aidoku",
 "mangastream_template",
]

[[package]]
name = "mangatale"
version = "0.1.0"
dependencies = [
 "aidoku",
 "mangastream_template",
]

[[package]]
name = "mangkomik"
version = "0.1.0"
dependencies = [
 "aidoku",
 "mangastream_template",
]

[[package]]
name = "manhwafreak"
version = "0.1.0"
dependencies = [
 "aidoku",
 "mangastream_template",
]

[[package]]
name = "manhwalist"
version = "0.1.0"
dependencies = [
 "aidoku",
 "mangastream_template",
]

[[package]]
name = "manhwax"
version = "0.1.0"
dependencies = [
 "aidoku",
 "mangastream_template",
]

[[package]]
name = "nonbiri"
version = "0.1.0"
dependencies = [
 "aidoku",
 "mangastream_template",
]

[[package]]
name = "once_cell"
version = "1.18.0"
source = "registry+https://github.com/rust-lang/crates.io-index"
checksum = "dd8b5dd2ae5ed71462c540258bedcb51965123ad7e7ccf4b9a8cafaa4a63576d"

[[package]]
name = "ozulscans"
version = "0.1.0"
dependencies = [
 "aidoku",
 "mangastream_template",
]

[[package]]
name = "phenixscans"
version = "0.1.0"
dependencies = [
 "aidoku",
 "mangastream_template",
]

[[package]]
name = "proc-macro2"
version = "1.0.64"
source = "registry+https://github.com/rust-lang/crates.io-index"
checksum = "78803b62cbf1f46fde80d7c0e803111524b9877184cfe7c3033659490ac7a7da"
dependencies = [
 "unicode-ident",
]

[[package]]
name = "quote"
version = "1.0.29"
source = "registry+https://github.com/rust-lang/crates.io-index"
checksum = "573015e8ab27661678357f27dc26460738fd2b6c86e46f386fde94cb5d913105"
dependencies = [
 "proc-macro2",
]

[[package]]
name = "rawkuma"
version = "0.1.0"
dependencies = [
 "aidoku",
 "mangastream_template",
]

[[package]]
name = "readkomik"
version = "0.1.0"
dependencies = [
 "aidoku",
 "mangastream_template",
]

[[package]]
name = "realmscans"
version = "0.1.0"
dependencies = [
 "aidoku",
 "mangastream_template",
]

[[package]]
name = "sekaikomik"
version = "0.1.0"
dependencies = [
 "aidoku",
 "mangastream_template",
]

[[package]]
name = "senpaiediciones"
version = "0.1.0"
dependencies = [
 "aidoku",
 "mangastream_template",
]

[[package]]
name = "sushiscan"
version = "0.1.0"
dependencies = [
 "aidoku",
 "mangastream_template",
]

[[package]]
name = "swatmanga"
version = "0.1.0"
dependencies = [
 "aidoku",
 "mangastream_template",
]

[[package]]
name = "syn"
version = "1.0.109"
source = "registry+https://github.com/rust-lang/crates.io-index"
checksum = "72b64191b275b66ffe2469e8af2c1cfe3bafa67b529ead792a6d0160888b4237"
dependencies = [
 "proc-macro2",
 "quote",
 "unicode-ident",
]

[[package]]
name = "tenshi"
version = "0.1.0"
dependencies = [
 "aidoku",
 "mangastream_template",
]

[[package]]
name = "unicode-ident"
version = "1.0.10"
source = "registry+https://github.com/rust-lang/crates.io-index"
checksum = "22049a19f4a68748a168c0fc439f9516686aa045927ff767eca0a85101fb6e73"

[[package]]
name = "version_check"
version = "0.9.4"
source = "registry+https://github.com/rust-lang/crates.io-index"
checksum = "49874b5167b65d7193b8aba1567f5c7d93d001cafc34600cee003eda787e483f"

[[package]]
name = "voidscans"
version = "0.1.0"
dependencies = [
 "aidoku",
 "mangastream_template",
]

[[package]]
name = "walpurgiscan"
version = "0.1.0"
dependencies = [
 "aidoku",
 "mangastream_template",
]

[[package]]
name = "westmanga"
version = "0.1.0"
dependencies = [
 "aidoku",
 "mangastream_template",
]

[[package]]
name = "yumekomik"
version = "0.1.0"
dependencies = [
 "aidoku",
 "mangastream_template",
]
