# This file is automatically @generated by Cargo.
# It is not intended for manual editing.
version = 3

[[package]]
name = "aho-corasick"
version = "1.0.5"
source = "registry+https://github.com/rust-lang/crates.io-index"
checksum = "0c378d78423fdad8089616f827526ee33c19f2fddbd5de1629152c9593ba4783"
dependencies = [
 "memchr",
]

[[package]]
name = "aidoku"
version = "0.2.0"
source = "git+https://github.com/Aidoku/aidoku-rs#004bddabade7b24c58cf925b08f90dd093b00c9d"
dependencies = [
 "aidoku_imports",
 "aidoku_macros",
 "aidoku_proc_macros",
 "dlmalloc",
]

[[package]]
name = "aidoku_imports"
version = "0.2.0"
source = "git+https://github.com/Aidoku/aidoku-rs#004bddabade7b24c58cf925b08f90dd093b00c9d"

[[package]]
name = "aidoku_macros"
version = "0.1.0"
source = "git+https://github.com/Aidoku/aidoku-rs#004bddabade7b24c58cf925b08f90dd093b00c9d"

[[package]]
name = "aidoku_proc_macros"
version = "0.2.0"
source = "git+https://github.com/Aidoku/aidoku-rs#004bddabade7b24c58cf925b08f90dd093b00c9d"
dependencies = [
 "proc-macro2",
 "quote",
 "syn",
]

[[package]]
name = "dlmalloc"
version = "0.2.4"
source = "registry+https://github.com/rust-lang/crates.io-index"
checksum = "203540e710bfadb90e5e29930baf5d10270cec1f43ab34f46f78b147b2de715a"
dependencies = [
 "libc",
]

[[package]]
name = "libc"
version = "0.2.147"
source = "registry+https://github.com/rust-lang/crates.io-index"
checksum = "b4668fb0ea861c1df094127ac5f1da3409a82116a4ba74fca2e58ef927159bb3"

[[package]]
name = "mangairo"
version = "0.1.0"
dependencies = [
 "aidoku",
 "regex",
]

[[package]]
name = "memchr"
version = "2.6.3"
source = "registry+https://github.com/rust-lang/crates.io-index"
checksum = "8f232d6ef707e1956a43342693d2a31e72989554d58299d7a88738cc95b0d35c"

[[package]]
name = "proc-macro2"
version = "1.0.66"
source = "registry+https://github.com/rust-lang/crates.io-index"
checksum = "18fb31db3f9bddb2ea821cde30a9f70117e3f119938b5ee630b7403aa6e2ead9"
dependencies = [
 "unicode-ident",
]

[[package]]
name = "quote"
version = "1.0.33"
source = "registry+https://github.com/rust-lang/crates.io-index"
checksum = "5267fca4496028628a95160fc423a33e8b2e6af8a5302579e322e4b520293cae"
dependencies = [
 "proc-macro2",
]

[[package]]
name = "regex"
version = "1.9.5"
source = "registry+https://github.com/rust-lang/crates.io-index"
checksum = "697061221ea1b4a94a624f67d0ae2bfe4e22b8a17b6a192afb11046542cc8c47"
dependencies = [
 "aho-corasick",
 "memchr",
 "regex-automata",
 "regex-syntax",
]

[[package]]
name = "regex-automata"
version = "0.3.8"
source = "registry+https://github.com/rust-lang/crates.io-index"
checksum = "c2f401f4955220693b56f8ec66ee9c78abffd8d1c4f23dc41a23839eb88f0795"
dependencies = [
 "aho-corasick",
 "memchr",
 "regex-syntax",
]

[[package]]
name = "regex-syntax"
version = "0.7.5"
source = "registry+https://github.com/rust-lang/crates.io-index"
checksum = "dbb5fb1acd8a1a18b3dd5be62d25485eb770e05afb408a9627d14d451bae12da"

[[package]]
name = "syn"
version = "1.0.109"
source = "registry+https://github.com/rust-lang/crates.io-index"
checksum = "72b64191b275b66ffe2469e8af2c1cfe3bafa67b529ead792a6d0160888b4237"
dependencies = [
 "proc-macro2",
 "quote",
 "unicode-ident",
]

[[package]]
name = "unicode-ident"
version = "1.0.11"
source = "registry+https://github.com/rust-lang/crates.io-index"
checksum = "301abaae475aa91687eb82514b328ab47a211a533026cb25fc3e519b86adfc3c"
