# This file is automatically @generated by Cargo.
# It is not intended for manual editing.
version = 3

[[package]]
name = "aidoku"
version = "0.2.0"
source = "git+https://github.com/Aidoku/aidoku-rs#004bddabade7b24c58cf925b08f90dd093b00c9d"
dependencies = [
 "aidoku_helpers",
 "aidoku_imports",
 "aidoku_macros",
 "aidoku_proc_macros",
 "dlmalloc",
]

[[package]]
name = "aidoku_helpers"
version = "0.1.0"
source = "git+https://github.com/Aidoku/aidoku-rs#004bddabade7b24c58cf925b08f90dd093b00c9d"
dependencies = [
 "aidoku_imports",
]

[[package]]
name = "aidoku_imports"
version = "0.2.0"
source = "git+https://github.com/Aidoku/aidoku-rs#004bddabade7b24c58cf925b08f90dd093b00c9d"

[[package]]
name = "aidoku_macros"
version = "0.1.0"
source = "git+https://github.com/Aidoku/aidoku-rs#004bddabade7b24c58cf925b08f90dd093b00c9d"

[[package]]
name = "aidoku_proc_macros"
version = "0.2.0"
source = "git+https://github.com/Aidoku/aidoku-rs#004bddabade7b24c58cf925b08f90dd093b00c9d"
dependencies = [
 "proc-macro2",
 "quote",
 "syn 1.0.109",
]

[[package]]
name = "autocfg"
version = "1.1.0"
source = "registry+https://github.com/rust-lang/crates.io-index"
checksum = "d468802bab17cbc0cc575e9b053f41e72aa36bfa6b7f55e3529ffa43161b97fa"

[[package]]
name = "baozimanhua"
version = "0.1.0"
dependencies = [
 "aidoku",
 "chinese-number",
 "regex",
]

[[package]]
name = "chinese-number"
version = "0.7.7"
source = "registry+https://github.com/rust-lang/crates.io-index"
checksum = "49fccaef6346f6d6a741908d3b79fe97c2debe2fbb5eb3a7d00ff5981b52bb6c"
dependencies = [
 "chinese-variant",
 "enum-ordinalize",
 "num-traits",
]

[[package]]
name = "chinese-variant"
version = "1.1.3"
source = "registry+https://github.com/rust-lang/crates.io-index"
checksum = "7588475145507237ded760e52bf2f1085495245502033756d28ea72ade0e498b"

[[package]]
name = "dlmalloc"
version = "0.2.4"
source = "registry+https://github.com/rust-lang/crates.io-index"
checksum = "203540e710bfadb90e5e29930baf5d10270cec1f43ab34f46f78b147b2de715a"
dependencies = [
 "libc",
]

[[package]]
name = "enum-ordinalize"
version = "4.3.0"
source = "registry+https://github.com/rust-lang/crates.io-index"
checksum = "fea0dcfa4e54eeb516fe454635a95753ddd39acda650ce703031c6973e315dd5"
dependencies = [
 "enum-ordinalize-derive",
]

[[package]]
name = "enum-ordinalize-derive"
version = "4.3.1"
source = "registry+https://github.com/rust-lang/crates.io-index"
checksum = "0d28318a75d4aead5c4db25382e8ef717932d0346600cacae6357eb5941bc5ff"
dependencies = [
 "proc-macro2",
 "quote",
 "syn 2.0.41",
]

[[package]]
name = "libc"
version = "0.2.151"
source = "registry+https://github.com/rust-lang/crates.io-index"
checksum = "302d7ab3130588088d277783b1e2d2e10c9e9e4a16dd9050e6ec93fb3e7048f4"

[[package]]
name = "num-traits"
version = "0.2.17"
source = "registry+https://github.com/rust-lang/crates.io-index"
checksum = "39e3200413f237f41ab11ad6d161bc7239c84dcb631773ccd7de3dfe4b5c267c"
dependencies = [
 "autocfg",
]

[[package]]
name = "proc-macro2"
version = "1.0.70"
source = "registry+https://github.com/rust-lang/crates.io-index"
checksum = "39278fbbf5fb4f646ce651690877f89d1c5811a3d4acb27700c1cb3cdb78fd3b"
dependencies = [
 "unicode-ident",
]

[[package]]
name = "quote"
version = "1.0.33"
source = "registry+https://github.com/rust-lang/crates.io-index"
checksum = "5267fca4496028628a95160fc423a33e8b2e6af8a5302579e322e4b520293cae"
dependencies = [
 "proc-macro2",
]

[[package]]
name = "regex"
version = "1.10.2"
source = "registry+https://github.com/rust-lang/crates.io-index"
checksum = "380b951a9c5e80ddfd6136919eef32310721aa4aacd4889a8d39124b026ab343"
dependencies = [
 "regex-automata",
 "regex-syntax",
]

[[package]]
name = "regex-automata"
version = "0.4.3"
source = "registry+https://github.com/rust-lang/crates.io-index"
checksum = "5f804c7828047e88b2d32e2d7fe5a105da8ee3264f01902f796c8e067dc2483f"
dependencies = [
 "regex-syntax",
]

[[package]]
name = "regex-syntax"
version = "0.8.2"
source = "registry+https://github.com/rust-lang/crates.io-index"
checksum = "c08c74e62047bb2de4ff487b251e4a92e24f48745648451635cec7d591162d9f"

[[package]]
name = "syn"
version = "1.0.109"
source = "registry+https://github.com/rust-lang/crates.io-index"
checksum = "72b64191b275b66ffe2469e8af2c1cfe3bafa67b529ead792a6d0160888b4237"
dependencies = [
 "proc-macro2",
 "quote",
 "unicode-ident",
]

[[package]]
name = "syn"
version = "2.0.41"
source = "registry+https://github.com/rust-lang/crates.io-index"
checksum = "44c8b28c477cc3bf0e7966561e3460130e1255f7a1cf71931075f1c5e7a7e269"
dependencies = [
 "proc-macro2",
 "quote",
 "unicode-ident",
]

[[package]]
name = "unicode-ident"
version = "1.0.12"
source = "registry+https://github.com/rust-lang/crates.io-index"
checksum = "3354b9ac3fae1ff6755cb6db53683adb661634f67557942dea4facebec0fee4b"
