{
  "name": "tumangaonline-aidoku",
  "version": "1.0.0",
  "lockfileVersion": 2,
  "requires": true,
  "packages": {
    "": {
      "name": "tumangaonline-aidoku",
      "version": "1.0.0",
      "dependencies": {
        "aidoku-as": "github:Aidoku/aidoku-as",
        "assemblyscript": "^0.19.23"
      }
    },
    "node_modules/aidoku-as": {
      "version": "1.0.0",
      "resolved": "git+ssh://git@github.com/Aidoku/aidoku-as.git#c3e7a7f34d4a75db39ef7ecefd7968ff4f4f0f84",
      "license": "GPLv3"
    },
    "node_modules/assemblyscript": {
      "version": "0.19.23",
      "license": "Apache-2.0",
      "dependencies": {
        "binaryen": "102.0.0-nightly.20211028",
        "long": "^5.2.0",
        "source-map-support": "^0.5.20"
      },
      "bin": {
        "asc": "bin/asc",
        "asinit": "bin/asinit"
      },
      "funding": {
        "type": "opencollective",
        "url": "https://opencollective.com/assemblyscript"
      }
    },
    "node_modules/binaryen": {
      "version": "102.0.0-nightly.20211028",
      "license": "Apache-2.0",
      "bin": {
        "wasm-opt": "bin/wasm-opt"
      }
    },
    "node_modules/buffer-from": {
      "version": "1.1.2",
      "license": "MIT"
    },
    "node_modules/long": {
      "version": "5.2.0",
      "license": "Apache-2.0"
    },
    "node_modules/source-map": {
      "version": "0.6.1",
      "license": "BSD-3-Clause",
      "engines": {
        "node": ">=0.10.0"
      }
    },
    "node_modules/source-map-support": {
      "version": "0.5.21",
      "license": "MIT",
      "dependencies": {
        "buffer-from": "^1.0.0",
        "source-map": "^0.6.0"
      }
    }
  },
  "dependencies": {
    "aidoku-as": {
      "version": "git+ssh://git@github.com/Aidoku/aidoku-as.git#c3e7a7f34d4a75db39ef7ecefd7968ff4f4f0f84",
      "from": "aidoku-as@github:Aidoku/aidoku-as"
    },
    "assemblyscript": {
      "version": "0.19.23",
      "requires": {
        "binaryen": "102.0.0-nightly.20211028",
        "long": "^5.2.0",
        "source-map-support": "^0.5.20"
      }
    },
    "binaryen": {
      "version": "102.0.0-nightly.20211028"
    },
    "buffer-from": {
      "version": "1.1.2"
    },
    "long": {
      "version": "5.2.0"
    },
    "source-map": {
      "version": "0.6.1"
    },
    "source-map-support": {
      "version": "0.5.21",
      "requires": {
        "buffer-from": "^1.0.0",
        "source-map": "^0.6.0"
      }
    }
  }
}
